
Microsoft Visual Studio Solution File, Format Version 12.00
# Visual Studio Version 17
VisualStudioVersion = 17.14.36401.2 d17.14
MinimumVisualStudioVersion = 10.0.40219.1
Project("{FAE04EC0-301F-11D3-BF4B-00C04F79EFBC}") = "ImageClassificationConsole", "ImageClassificationConsole\ImageClassificationConsole.csproj", "{BA202946-5F6C-40BF-AE39-DFAE3941A7C2}"
EndProject
Project("{FAE04EC0-301F-11D3-BF4B-00C04F79EFBC}") = "UnitTest", "UnitTest\UnitTest.csproj", "{5E4D3A93-F964-4DAD-A4F8-4885EE048A0B}"
EndProject
Global
	GlobalSection(SolutionConfigurationPlatforms) = preSolution
		Debug|Any CPU = Debug|Any CPU
		Release|Any CPU = Release|Any CPU
	EndGlobalSection
	GlobalSection(ProjectConfigurationPlatforms) = postSolution
		{BA202946-5F6C-40BF-AE39-DFAE3941A7C2}.Debug|Any CPU.ActiveCfg = Debug|Any CPU
		{BA202946-5F6C-40BF-AE39-DFAE3941A7C2}.Debug|Any CPU.Build.0 = Debug|Any CPU
		{BA202946-5F6C-40BF-AE39-DFAE3941A7C2}.Release|Any CPU.ActiveCfg = Release|Any CPU
		{BA202946-5F6C-40BF-AE39-DFAE3941A7C2}.Release|Any CPU.Build.0 = Release|Any CPU
		{5E4D3A93-F964-4DAD-A4F8-4885EE048A0B}.Debug|Any CPU.ActiveCfg = Debug|Any CPU
		{5E4D3A93-F964-4DAD-A4F8-4885EE048A0B}.Debug|Any CPU.Build.0 = Debug|Any CPU
		{5E4D3A93-F964-4DAD-A4F8-4885EE048A0B}.Release|Any CPU.ActiveCfg = Release|Any CPU
		{5E4D3A93-F964-4DAD-A4F8-4885EE048A0B}.Release|Any CPU.Build.0 = Release|Any CPU
	EndGlobalSection
	GlobalSection(SolutionProperties) = preSolution
		HideSolutionNode = FALSE
	EndGlobalSection
	GlobalSection(ExtensibilityGlobals) = postSolution
		SolutionGuid = {541C5F3F-FA28-4746-B285-5FC5C14E1E62}
	EndGlobalSection
EndGlobal
